{
  "lockfileVersion": 1,
  "configVersion": 1,
  "workspaces": {
    "": {
      "name": "taoli-tools-signer",
      "dependencies": {
        "@solana/kit": "4.0.0",
        "hono": "4.11.1",
        "memoize": "10.2.0",
        "micro-key-producer": "0.8.2",
        "remeda": "2.32.0",
        "smol-toml": "1.4.2",
        "viem": "2.43.1",
        "zod": "4.1.12",
      },
      "devDependencies": {
        "@types/bun": "1.3.0",
      },
    },
  },
  "packages": {
    "@adraffy/ens-normalize": ["@adraffy/ens-normalize@1.11.1", "", {}, "sha512-nhCBV3quEgesuf7c7KYfperqSS14T8bYuvJ8PcLJp6znkZpFc0AuW4qBtr8eKVyPPe/8RSr7sglCWPU5eaxwKQ=="],

    "@noble/ciphers": ["@noble/ciphers@2.1.1", "", {}, "sha512-bysYuiVfhxNJuldNXlFEitTVdNnYUc+XNJZd7Qm2a5j1vZHgY+fazadNFWFaMK/2vye0JVlxV3gHmC0WDfAOQw=="],

    "@noble/curves": ["@noble/curves@2.0.1", "", { "dependencies": { "@noble/hashes": "2.0.1" } }, "sha512-vs1Az2OOTBiP4q0pwjW5aF0xp9n4MxVrmkFBxc6EKZc6ddYx5gaZiAsZoq0uRRXWbi3AT/sBqn05eRPtn1JCPw=="],

    "@noble/hashes": ["@noble/hashes@2.0.1", "", {}, "sha512-XlOlEbQcE9fmuXxrVTXCTlG2nlRXa9Rj3rr5Ue/+tX+nmkgbX720YHh0VR3hBF9xDvwnb8D2shVGOwNx+ulArw=="],

    "@scure/base": ["@scure/base@2.0.0", "", {}, "sha512-3E1kpuZginKkek01ovG8krQ0Z44E3DHPjc5S2rjJw9lZn3KSQOs8S7wqikF/AH7iRanHypj85uGyxk0XAyC37w=="],

    "@scure/bip32": ["@scure/bip32@1.7.0", "", { "dependencies": { "@noble/curves": "~1.9.0", "@noble/hashes": "~1.8.0", "@scure/base": "~1.2.5" } }, "sha512-E4FFX/N3f4B80AKWp5dP6ow+flD1LQZo/w8UnLGYZO674jS6YnYeepycOOksv+vLPSpgN35wgKgy+ybfTb2SMw=="],

    "@scure/bip39": ["@scure/bip39@1.6.0", "", { "dependencies": { "@noble/hashes": "~1.8.0", "@scure/base": "~1.2.5" } }, "sha512-+lF0BbLiJNwVlev4eKelw1WWLaiKXw7sSl8T6FvBlWkdX+94aGJ4o8XjUdlyhTCjd8c+B3KT3JfS8P0bLRNU6A=="],

    "@solana/accounts": ["@solana/accounts@4.0.0", "", { "dependencies": { "@solana/addresses": "4.0.0", "@solana/codecs-core": "4.0.0", "@solana/codecs-strings": "4.0.0", "@solana/errors": "4.0.0", "@solana/rpc-spec": "4.0.0", "@solana/rpc-types": "4.0.0" }, "peerDependencies": { "typescript": ">=5.3.3" } }, "sha512-fxTtTk7PCJrigdzqhkc0eZYACVZpONKJZy4MkGvZzx5tCC7rUeDJvzau3IYACUCRaaAGPpkINHwYtp8weKsn8w=="],

    "@solana/addresses": ["@solana/addresses@4.0.0", "", { "dependencies": { "@solana/assertions": "4.0.0", "@solana/codecs-core": "4.0.0", "@solana/codecs-strings": "4.0.0", "@solana/errors": "4.0.0", "@solana/nominal-types": "4.0.0" }, "peerDependencies": { "typescript": ">=5.3.3" } }, "sha512-1OS4nU0HFZxHRxgUb6A72Qg0QbIz6Vu2AbB0j/YSxN4EI+S2BftA83Y6uXhTFDQjKuA+MtHjxe6edB3cs1Pqxw=="],

    "@solana/assertions": ["@solana/assertions@4.0.0", "", { "dependencies": { "@solana/errors": "4.0.0" }, "peerDependencies": { "typescript": ">=5.3.3" } }, "sha512-QwtImPVM5JLEWOFpvHh+eKdvmxdNP6PW8FkmFFEVYR6VFDaZD/hbmSJlwt5p3L69sVmxJA0ughYgD/kkHM7fbg=="],

    "@solana/codecs": ["@solana/codecs@4.0.0", "", { "dependencies": { "@solana/codecs-core": "4.0.0", "@solana/codecs-data-structures": "4.0.0", "@solana/codecs-numbers": "4.0.0", "@solana/codecs-strings": "4.0.0", "@solana/options": "4.0.0" }, "peerDependencies": { "typescript": ">=5.3.3" } }, "sha512-qh+Le1u9QBDPubqUrFU5BGX3Kyj7x0viO6z2SUuM0CSqYUvwE7w724LXwDA9QoEL5JkED1rB3bQg4M0bDrABpA=="],

    "@solana/codecs-core": ["@solana/codecs-core@4.0.0", "", { "dependencies": { "@solana/errors": "4.0.0" }, "peerDependencies": { "typescript": ">=5.3.3" } }, "sha512-28kNUsyIlhU3MO3/7ZLDqeJf2YAm32B4tnTjl5A9HrbBqsTZ+upT/RzxZGP1MMm7jnPuIKCMwmTpsyqyR6IUpw=="],

    "@solana/codecs-data-structures": ["@solana/codecs-data-structures@4.0.0", "", { "dependencies": { "@solana/codecs-core": "4.0.0", "@solana/codecs-numbers": "4.0.0", "@solana/errors": "4.0.0" }, "peerDependencies": { "typescript": ">=5.3.3" } }, "sha512-pvh+Oxz6UIbWxcgwvVwMJIV4nvZn3EHL5ZvCIPClE5Ep8K5sJ8RoRvOohqLcIv9LYn/EZNoXpCodREX/OYpsGw=="],

    "@solana/codecs-numbers": ["@solana/codecs-numbers@4.0.0", "", { "dependencies": { "@solana/codecs-core": "4.0.0", "@solana/errors": "4.0.0" }, "peerDependencies": { "typescript": ">=5.3.3" } }, "sha512-z9zpjtcwzqT9rbkKVZpkWB5/0V7+6YRKs6BccHkGJlaDx8Pe/+XOvPi2rEdXPqrPd9QWb5Xp1iBfcgaDMyiOiA=="],

    "@solana/codecs-strings": ["@solana/codecs-strings@4.0.0", "", { "dependencies": { "@solana/codecs-core": "4.0.0", "@solana/codecs-numbers": "4.0.0", "@solana/errors": "4.0.0" }, "peerDependencies": { "fastestsmallesttextencoderdecoder": "^1.0.22", "typescript": ">=5.3.3" } }, "sha512-XvyD+sQ1zyA0amfxbpoFZsucLoe+yASQtDiLUGMDg5TZ82IHE3B7n82jE8d8cTAqi0HgqQiwU13snPhvg1O0Ow=="],

    "@solana/errors": ["@solana/errors@4.0.0", "", { "dependencies": { "chalk": "5.6.2", "commander": "14.0.1" }, "peerDependencies": { "typescript": ">=5.3.3" }, "bin": { "errors": "bin/cli.mjs" } }, "sha512-3YEtvcMvtcnTl4HahqLt0VnaGVf7vVWOnt6/uPky5e0qV6BlxDSbGkbBzttNjxLXHognV0AQi3pjvrtfUnZmbg=="],

    "@solana/fast-stable-stringify": ["@solana/fast-stable-stringify@4.0.0", "", { "peerDependencies": { "typescript": ">=5.3.3" } }, "sha512-sNJRi0RQ93vkGQ9VyFTSGm6mfKLk0FWOFpJLcqyP0BNUK1CugBaUMnxAmGqNaVSCktJagTSLqAMi9k1VSdh+Cg=="],

    "@solana/functional": ["@solana/functional@4.0.0", "", { "peerDependencies": { "typescript": ">=5.3.3" } }, "sha512-duprxASuT0VXlHj3bLBdy9+ZpqdmCZhzCUmTsXps4UlDKr9PxSCQIQ+NK6OPhtBWOh1sNEcT1f1nY/MVqF/KHg=="],

    "@solana/instruction-plans": ["@solana/instruction-plans@4.0.0", "", { "dependencies": { "@solana/errors": "4.0.0", "@solana/instructions": "4.0.0", "@solana/promises": "4.0.0", "@solana/transaction-messages": "4.0.0", "@solana/transactions": "4.0.0" }, "peerDependencies": { "typescript": ">=5.3.3" } }, "sha512-FcyptPR5XmKoj1EyF9xARiqy2BuF+CfrIxTU0WQn5Tix/y7whKYz5CCFtBlWbwIcGxQftmG5tAlcidgnCb7jVw=="],

    "@solana/instructions": ["@solana/instructions@4.0.0", "", { "dependencies": { "@solana/codecs-core": "4.0.0", "@solana/errors": "4.0.0" }, "peerDependencies": { "typescript": ">=5.3.3" } }, "sha512-/Lf3E+6mhe6EL7a3+9FY020yq71lVNgueplJGr221b4wP6ykwPVtoaAiNf+lIrRRYkW8DC81auhmjd2DYpND1w=="],

    "@solana/keys": ["@solana/keys@4.0.0", "", { "dependencies": { "@solana/assertions": "4.0.0", "@solana/codecs-core": "4.0.0", "@solana/codecs-strings": "4.0.0", "@solana/errors": "4.0.0", "@solana/nominal-types": "4.0.0" }, "peerDependencies": { "typescript": ">=5.3.3" } }, "sha512-aPz+LF9QK3EHjuklYBnnalcLVHUNz5s4m4DXNVGAtjJD7Q9zEu2dBUm9mRKwlLbQibNOEGa1m86HCjcboqXdjg=="],

    "@solana/kit": ["@solana/kit@4.0.0", "", { "dependencies": { "@solana/accounts": "4.0.0", "@solana/addresses": "4.0.0", "@solana/codecs": "4.0.0", "@solana/errors": "4.0.0", "@solana/functional": "4.0.0", "@solana/instruction-plans": "4.0.0", "@solana/instructions": "4.0.0", "@solana/keys": "4.0.0", "@solana/programs": "4.0.0", "@solana/rpc": "4.0.0", "@solana/rpc-parsed-types": "4.0.0", "@solana/rpc-spec-types": "4.0.0", "@solana/rpc-subscriptions": "4.0.0", "@solana/rpc-types": "4.0.0", "@solana/signers": "4.0.0", "@solana/sysvars": "4.0.0", "@solana/transaction-confirmation": "4.0.0", "@solana/transaction-messages": "4.0.0", "@solana/transactions": "4.0.0" }, "peerDependencies": { "typescript": ">=5.3.3" } }, "sha512-5c4qMRL+ciWewEtNZ2gX4wf4VpscZYXbWnU2kBiyQhWiqj8zzFIh6iCHbqMX/Myx3pOHfQs/m/iQCnQHPOag9Q=="],

    "@solana/nominal-types": ["@solana/nominal-types@4.0.0", "", { "peerDependencies": { "typescript": ">=5.3.3" } }, "sha512-zIjHZY+5uboigbzsNhHmF3AlP/xACYxbB0Cb1VAI9i+eFShMeu/3VIrj7x1vbq9hfQKGSFHNFGFqQTivdzpbLw=="],

    "@solana/options": ["@solana/options@4.0.0", "", { "dependencies": { "@solana/codecs-core": "4.0.0", "@solana/codecs-data-structures": "4.0.0", "@solana/codecs-numbers": "4.0.0", "@solana/codecs-strings": "4.0.0", "@solana/errors": "4.0.0" }, "peerDependencies": { "typescript": ">=5.3.3" } }, "sha512-QTjBh24a34At66mGfs0lVF1voug1KnA13IZkvcVPr52zFb90+xYiqYeKiICTaf3HkoeoKG+TC2Q0K64+se0+CQ=="],

    "@solana/programs": ["@solana/programs@4.0.0", "", { "dependencies": { "@solana/addresses": "4.0.0", "@solana/errors": "4.0.0" }, "peerDependencies": { "typescript": ">=5.3.3" } }, "sha512-tJCNoKyDKfipGTsQtUO6R9EXk4l4ai+gYuD2R3NubJgMaLPBqIv3IMSCeDSvhuSCDuN2lQ1mLkQrDnE3lm0/iQ=="],

    "@solana/promises": ["@solana/promises@4.0.0", "", { "peerDependencies": { "typescript": ">=5.3.3" } }, "sha512-zEh815+n2OrrQunZ6m1iuNcoZRc9YnQaTeivBSgl1SYfPaq/Qj/rRiK5DID25Njo4L44p5quu7aal3Bk/eR+tQ=="],

    "@solana/rpc": ["@solana/rpc@4.0.0", "", { "dependencies": { "@solana/errors": "4.0.0", "@solana/fast-stable-stringify": "4.0.0", "@solana/functional": "4.0.0", "@solana/rpc-api": "4.0.0", "@solana/rpc-spec": "4.0.0", "@solana/rpc-spec-types": "4.0.0", "@solana/rpc-transformers": "4.0.0", "@solana/rpc-transport-http": "4.0.0", "@solana/rpc-types": "4.0.0" }, "peerDependencies": { "typescript": ">=5.3.3" } }, "sha512-KF91ghi7P48aeWd4eSY5Fly/ioYz9ww2loQd/YqV3eLQwo3/2HUWd6r6lpSHsLh/HUoUkm+EsYmVN8r/3mE5fg=="],

    "@solana/rpc-api": ["@solana/rpc-api@4.0.0", "", { "dependencies": { "@solana/addresses": "4.0.0", "@solana/codecs-core": "4.0.0", "@solana/codecs-strings": "4.0.0", "@solana/errors": "4.0.0", "@solana/keys": "4.0.0", "@solana/rpc-parsed-types": "4.0.0", "@solana/rpc-spec": "4.0.0", "@solana/rpc-transformers": "4.0.0", "@solana/rpc-types": "4.0.0", "@solana/transaction-messages": "4.0.0", "@solana/transactions": "4.0.0" }, "peerDependencies": { "typescript": ">=5.3.3" } }, "sha512-nfQkTJCIW3qzUDRrhvr9MBm9jKQ+dZn4ypK35UDPrV+QB5Gc9UmPJ6prvpPtDq8WoU7wqUzswKeY3k7qtgYjEg=="],

    "@solana/rpc-parsed-types": ["@solana/rpc-parsed-types@4.0.0", "", { "peerDependencies": { "typescript": ">=5.3.3" } }, "sha512-aOjwJwen5D0aDXoSths+ekdBO4mu7nmM+yASqCVW2PLN6v7NZmRBzV1/PgMFjDTiymVQj25ipCUvL395s1wsKg=="],

    "@solana/rpc-spec": ["@solana/rpc-spec@4.0.0", "", { "dependencies": { "@solana/errors": "4.0.0", "@solana/rpc-spec-types": "4.0.0" }, "peerDependencies": { "typescript": ">=5.3.3" } }, "sha512-9PFTFWjdgA/KFG4rgzbgA7gm9+aRDwsRJgI1aP7n3dGsGzYUp8vNgRQBhogWscEOETkgZNlsi/artLxgvHEHEg=="],

    "@solana/rpc-spec-types": ["@solana/rpc-spec-types@4.0.0", "", { "peerDependencies": { "typescript": ">=5.3.3" } }, "sha512-rpFMIaetpubeyDXIlxV08vtmiDt7ME9527kCI61slHj6O2rbj+7fABhmlN6J4YDCcL/kfnMCxZyNna94DovHZA=="],

    "@solana/rpc-subscriptions": ["@solana/rpc-subscriptions@4.0.0", "", { "dependencies": { "@solana/errors": "4.0.0", "@solana/fast-stable-stringify": "4.0.0", "@solana/functional": "4.0.0", "@solana/promises": "4.0.0", "@solana/rpc-spec-types": "4.0.0", "@solana/rpc-subscriptions-api": "4.0.0", "@solana/rpc-subscriptions-channel-websocket": "4.0.0", "@solana/rpc-subscriptions-spec": "4.0.0", "@solana/rpc-transformers": "4.0.0", "@solana/rpc-types": "4.0.0", "@solana/subscribable": "4.0.0" }, "peerDependencies": { "typescript": ">=5.3.3" } }, "sha512-rM+R4Xpsym0tYF3sGAEpdY+D+c6fOMk/fhCEewR+veqdubRfvI5QEhq4kHs8qdKKuRbcpGmedPC306H+PQ6Hmg=="],

    "@solana/rpc-subscriptions-api": ["@solana/rpc-subscriptions-api@4.0.0", "", { "dependencies": { "@solana/addresses": "4.0.0", "@solana/keys": "4.0.0", "@solana/rpc-subscriptions-spec": "4.0.0", "@solana/rpc-transformers": "4.0.0", "@solana/rpc-types": "4.0.0", "@solana/transaction-messages": "4.0.0", "@solana/transactions": "4.0.0" }, "peerDependencies": { "typescript": ">=5.3.3" } }, "sha512-6/MzQT9VkcD7Rh8ExoGdbERTSEubA5eI+Q0R9FRuujl/SIy2BsWaNxaBMuZS0DFmKbIHM+m1ptUFdjKAVjGQuw=="],

    "@solana/rpc-subscriptions-channel-websocket": ["@solana/rpc-subscriptions-channel-websocket@4.0.0", "", { "dependencies": { "@solana/errors": "4.0.0", "@solana/functional": "4.0.0", "@solana/rpc-subscriptions-spec": "4.0.0", "@solana/subscribable": "4.0.0" }, "peerDependencies": { "typescript": ">=5.3.3", "ws": "^8.18.0" } }, "sha512-dc4cGfkQJEdkux/CXpItffuytnSU6wktReHEBL+2xaYmF+yGMBeBLzTvkCJ9BbGGfBMf06c5y5QH8X48W5CJdg=="],

    "@solana/rpc-subscriptions-spec": ["@solana/rpc-subscriptions-spec@4.0.0", "", { "dependencies": { "@solana/errors": "4.0.0", "@solana/promises": "4.0.0", "@solana/rpc-spec-types": "4.0.0", "@solana/subscribable": "4.0.0" }, "peerDependencies": { "typescript": ">=5.3.3" } }, "sha512-2ROfFymoy/TjDAlEPpsmSQAr6LZwG4l/UIhkW7+/VraRu7QPAycuWfSopJnG8D7F3fksICFSeQNwwgBXTN1TWA=="],

    "@solana/rpc-transformers": ["@solana/rpc-transformers@4.0.0", "", { "dependencies": { "@solana/errors": "4.0.0", "@solana/functional": "4.0.0", "@solana/nominal-types": "4.0.0", "@solana/rpc-spec-types": "4.0.0", "@solana/rpc-types": "4.0.0" }, "peerDependencies": { "typescript": ">=5.3.3" } }, "sha512-3B3C9zpqN2O76CJV9tethtybMFdT2ViN5b2u8sObftGNFqxPmjt7XmbOmPdn7zwLyRM5S2RuZShzfcVJpBf+yQ=="],

    "@solana/rpc-transport-http": ["@solana/rpc-transport-http@4.0.0", "", { "dependencies": { "@solana/errors": "4.0.0", "@solana/rpc-spec": "4.0.0", "@solana/rpc-spec-types": "4.0.0", "undici-types": "^7.16.0" }, "peerDependencies": { "typescript": ">=5.3.3" } }, "sha512-RjXcQehF3wHm8eoIala+MrdmS3mDSPRl+xwEWzmA1QmBdQl44/XTNOdPJvNkqWXrzE+bAsZGfn0gVua/oCC+zQ=="],

    "@solana/rpc-types": ["@solana/rpc-types@4.0.0", "", { "dependencies": { "@solana/addresses": "4.0.0", "@solana/codecs-core": "4.0.0", "@solana/codecs-numbers": "4.0.0", "@solana/codecs-strings": "4.0.0", "@solana/errors": "4.0.0", "@solana/nominal-types": "4.0.0" }, "peerDependencies": { "typescript": ">=5.3.3" } }, "sha512-mY4W6DQVaLf3M8hSSzIEtaRsVgLg9zv5qdjjYvxkALw0fzjkLW55h3ctGbJ/k+dNpYm9gcKg7zatA7eBNnNmtQ=="],

    "@solana/signers": ["@solana/signers@4.0.0", "", { "dependencies": { "@solana/addresses": "4.0.0", "@solana/codecs-core": "4.0.0", "@solana/errors": "4.0.0", "@solana/instructions": "4.0.0", "@solana/keys": "4.0.0", "@solana/nominal-types": "4.0.0", "@solana/transaction-messages": "4.0.0", "@solana/transactions": "4.0.0" }, "peerDependencies": { "typescript": ">=5.3.3" } }, "sha512-r3ZrltruadsQXmx3fsGOSqAZ3SsgD7zq/QB8sT6IOVcg11Pgdvx48/CEv7djdy44wF4HVpqNCZLfi12EhoaSXQ=="],

    "@solana/subscribable": ["@solana/subscribable@4.0.0", "", { "dependencies": { "@solana/errors": "4.0.0" }, "peerDependencies": { "typescript": ">=5.3.3" } }, "sha512-lDI4HkDuGkmdnX7hSgvJsFFadkQxt0pLHIpZTxOt7/6KBDtNs63NTwJGd3d/EuA7ReXwYg5HDG0QtOm64divXQ=="],

    "@solana/sysvars": ["@solana/sysvars@4.0.0", "", { "dependencies": { "@solana/accounts": "4.0.0", "@solana/codecs": "4.0.0", "@solana/errors": "4.0.0", "@solana/rpc-types": "4.0.0" }, "peerDependencies": { "typescript": ">=5.3.3" } }, "sha512-HUu2B8P7iRYWAt1KL/5a6nNTKp73y04cSxZ9PZf2Ap1/KE0/5D8WnkEfnurUQmU3zBner95d+szNOyWMNBOoTw=="],

    "@solana/transaction-confirmation": ["@solana/transaction-confirmation@4.0.0", "", { "dependencies": { "@solana/addresses": "4.0.0", "@solana/codecs-strings": "4.0.0", "@solana/errors": "4.0.0", "@solana/keys": "4.0.0", "@solana/promises": "4.0.0", "@solana/rpc": "4.0.0", "@solana/rpc-subscriptions": "4.0.0", "@solana/rpc-types": "4.0.0", "@solana/transaction-messages": "4.0.0", "@solana/transactions": "4.0.0" }, "peerDependencies": { "typescript": ">=5.3.3" } }, "sha512-DTBIMB5/UCOpVyL5E0xwswtxs/PGeSD1VL5+C1UCPlggpZNIOlhZoaQqFO56wrJDFASzPMx+dakda5BUuhQkBg=="],

    "@solana/transaction-messages": ["@solana/transaction-messages@4.0.0", "", { "dependencies": { "@solana/addresses": "4.0.0", "@solana/codecs-core": "4.0.0", "@solana/codecs-data-structures": "4.0.0", "@solana/codecs-numbers": "4.0.0", "@solana/errors": "4.0.0", "@solana/functional": "4.0.0", "@solana/instructions": "4.0.0", "@solana/nominal-types": "4.0.0", "@solana/rpc-types": "4.0.0" }, "peerDependencies": { "typescript": ">=5.3.3" } }, "sha512-rQo0rRyvkrROFZHUT0uL3vqeBBtxTsNKDtx8pZo6BC3TgGA7V1MoSC3rVOLwYCK6rK5NJZiYNjmneHz/7hVpwQ=="],

    "@solana/transactions": ["@solana/transactions@4.0.0", "", { "dependencies": { "@solana/addresses": "4.0.0", "@solana/codecs-core": "4.0.0", "@solana/codecs-data-structures": "4.0.0", "@solana/codecs-numbers": "4.0.0", "@solana/codecs-strings": "4.0.0", "@solana/errors": "4.0.0", "@solana/functional": "4.0.0", "@solana/instructions": "4.0.0", "@solana/keys": "4.0.0", "@solana/nominal-types": "4.0.0", "@solana/rpc-types": "4.0.0", "@solana/transaction-messages": "4.0.0" }, "peerDependencies": { "typescript": ">=5.3.3" } }, "sha512-bmHIIVTQq+Wlqg4es91Ew4KSbOrvdfPsKg/pVha8ZR77huwvfqQMxRyYF4zMQ+Fm3QXGFKOU0RPVKKYic15jBw=="],

    "@types/bun": ["@types/bun@1.3.0", "", { "dependencies": { "bun-types": "1.3.0" } }, "sha512-+lAGCYjXjip2qY375xX/scJeVRmZ5cY0wyHYyCYxNcdEXrQ4AOe3gACgd4iQ8ksOslJtW4VNxBJ8llUwc3a6AA=="],

    "@types/node": ["@types/node@25.0.10", "", { "dependencies": { "undici-types": "~7.16.0" } }, "sha512-zWW5KPngR/yvakJgGOmZ5vTBemDoSqF3AcV/LrO5u5wTWyEAVVh+IT39G4gtyAkh3CtTZs8aX/yRM82OfzHJRg=="],

    "@types/react": ["@types/react@19.2.9", "", { "dependencies": { "csstype": "^3.2.2" } }, "sha512-Lpo8kgb/igvMIPeNV2rsYKTgaORYdO1XGVZ4Qz3akwOj0ySGYMPlQWa8BaLn0G63D1aSaAQ5ldR06wCpChQCjA=="],

    "abitype": ["abitype@1.2.3", "", { "peerDependencies": { "typescript": ">=5.0.4", "zod": "^3.22.0 || ^4.0.0" }, "optionalPeers": ["typescript", "zod"] }, "sha512-Ofer5QUnuUdTFsBRwARMoWKOH1ND5ehwYhJ3OJ/BQO+StkwQjHw0XyVh4vDttzHB7QOFhPHa/o413PJ82gU/Tg=="],

    "bun-types": ["bun-types@1.3.0", "", { "dependencies": { "@types/node": "*" }, "peerDependencies": { "@types/react": "^19" } }, "sha512-u8X0thhx+yJ0KmkxuEo9HAtdfgCBaM/aI9K90VQcQioAmkVp3SG3FkwWGibUFz3WdXAdcsqOcbU40lK7tbHdkQ=="],

    "chalk": ["chalk@5.6.2", "", {}, "sha512-7NzBL0rN6fMUW+f7A6Io4h40qQlG+xGmtMxfbnH/K7TAtt8JQWVQK+6g0UXKMeVJoyV5EkkNsErQ8pVD3bLHbA=="],

    "commander": ["commander@14.0.1", "", {}, "sha512-2JkV3gUZUVrbNA+1sjBOYLsMZ5cEEl8GTFP2a4AVz5hvasAMCQ1D2l2le/cX+pV4N6ZU17zjUahLpIXRrnWL8A=="],

    "csstype": ["csstype@3.2.3", "", {}, "sha512-z1HGKcYy2xA8AGQfwrn0PAy+PB7X/GSj3UVJW9qKyn43xWa+gl5nXmU4qqLMRzWVLFC8KusUX8T/0kCiOYpAIQ=="],

    "eventemitter3": ["eventemitter3@5.0.1", "", {}, "sha512-GWkBvjiSZK87ELrYOSESUYeVIc9mvLLf/nXalMOS5dYrgZq9o5OVkbZAVM06CVxYsCwH9BDZFPlQTlPA1j4ahA=="],

    "fastestsmallesttextencoderdecoder": ["fastestsmallesttextencoderdecoder@1.0.22", "", {}, "sha512-Pb8d48e+oIuY4MaM64Cd7OW1gt4nxCHs7/ddPPZ/Ic3sg8yVGM7O9wDvZ7us6ScaUupzM+pfBolwtYhN1IxBIw=="],

    "hono": ["hono@4.11.1", "", {}, "sha512-KsFcH0xxHes0J4zaQgWbYwmz3UPOOskdqZmItstUG93+Wk1ePBLkLGwbP9zlmh1BFUiL8Qp+Xfu9P7feJWpGNg=="],

    "isows": ["isows@1.0.7", "", { "peerDependencies": { "ws": "*" } }, "sha512-I1fSfDCZL5P0v33sVqeTDSpcstAg/N+wF5HS033mogOVIp4B+oHC7oOCsA3axAbBSGTJ8QubbNmnIRN/h8U7hg=="],

    "memoize": ["memoize@10.2.0", "", { "dependencies": { "mimic-function": "^5.0.1" } }, "sha512-DeC6b7QBrZsRs3Y02A6A7lQyzFbsQbqgjI6UW0GigGWV+u1s25TycMr0XHZE4cJce7rY/vyw2ctMQqfDkIhUEA=="],

    "micro-key-producer": ["micro-key-producer@0.8.2", "", { "dependencies": { "@noble/ciphers": "^2.0.0", "@noble/curves": "^2.0.0", "@noble/hashes": "^2.0.0", "@scure/base": "^2.0.0", "micro-packed": "^0.8.0" }, "bin": { "gpgkp": "bin/gpgkp.js" } }, "sha512-IL7+zuWv5XpY4IhqXrww6ryHb/Ak/1a1NrFdQvnSLCOyCyISNDb5DeLh+XvVWytMGR+cgrZWAbSk3HE/QUC+xw=="],

    "micro-packed": ["micro-packed@0.8.0", "", { "dependencies": { "@scure/base": "2.0.0" } }, "sha512-AKb8znIvg9sooythbXzyFeChEY0SkW0C6iXECpy/ls0e5BtwXO45J9wD9SLzBztnS4XmF/5kwZknsq+jyynd/A=="],

    "mimic-function": ["mimic-function@5.0.1", "", {}, "sha512-VP79XUPxV2CigYP3jWwAUFSku2aKqBH7uTAapFWCBqutsbmDo96KY5o8uh6U+/YSIn5OxJnXp73beVkpqMIGhA=="],

    "ox": ["ox@0.10.5", "", { "dependencies": { "@adraffy/ens-normalize": "^1.11.0", "@noble/ciphers": "^1.3.0", "@noble/curves": "1.9.1", "@noble/hashes": "^1.8.0", "@scure/bip32": "^1.7.0", "@scure/bip39": "^1.6.0", "abitype": "^1.2.3", "eventemitter3": "5.0.1" }, "peerDependencies": { "typescript": ">=5.4.0" }, "optionalPeers": ["typescript"] }, "sha512-mXJRiZswmX46abrzNkJpTN9sPJ/Rhevsp5Dfg0z80D55aoLNmEV4oN+/+feSNW593c2CnHavMqSVBanpJ0lUkQ=="],

    "remeda": ["remeda@2.32.0", "", { "dependencies": { "type-fest": "^4.41.0" } }, "sha512-BZx9DsT4FAgXDTOdgJIc5eY6ECIXMwtlSPQoPglF20ycSWigttDDe88AozEsPPT4OWk5NujroGSBC1phw5uU+w=="],

    "smol-toml": ["smol-toml@1.4.2", "", {}, "sha512-rInDH6lCNiEyn3+hH8KVGFdbjc099j47+OSgbMrfDYX1CmXLfdKd7qi6IfcWj2wFxvSVkuI46M+wPGYfEOEj6g=="],

    "type-fest": ["type-fest@4.41.0", "", {}, "sha512-TeTSQ6H5YHvpqVwBRcnLDCBnDOHWYu7IvGbHT6N8AOymcr9PJGjc1GTtiWZTYg0NCgYwvnYWEkVChQAr9bjfwA=="],

    "typescript": ["typescript@5.9.3", "", { "bin": { "tsc": "bin/tsc", "tsserver": "bin/tsserver" } }, "sha512-jl1vZzPDinLr9eUt3J/t7V6FgNEw9QjvBPdysz9KfQDD41fQrC2Y4vKQdiaUpFT4bXlb1RHhLpp8wtm6M5TgSw=="],

    "undici-types": ["undici-types@7.16.0", "", {}, "sha512-Zz+aZWSj8LE6zoxD+xrjh4VfkIG8Ya6LvYkZqtUQGJPZjYl53ypCaUwWqo7eI0x66KBGeRo+mlBEkMSeSZ38Nw=="],

    "viem": ["viem@2.43.1", "", { "dependencies": { "@noble/curves": "1.9.1", "@noble/hashes": "1.8.0", "@scure/bip32": "1.7.0", "@scure/bip39": "1.6.0", "abitype": "1.2.3", "isows": "1.0.7", "ox": "0.10.5", "ws": "8.18.3" }, "peerDependencies": { "typescript": ">=5.0.4" }, "optionalPeers": ["typescript"] }, "sha512-S33pBNlRvOlVv4+L94Z8ydCMDB1j0cuHFUvaC28i6OTxw3uY1P4M3h1YDFK8YC1H9/lIbeBTTvCRhi0FqU/2iw=="],

    "ws": ["ws@8.18.3", "", { "peerDependencies": { "bufferutil": "^4.0.1", "utf-8-validate": ">=5.0.2" }, "optionalPeers": ["bufferutil", "utf-8-validate"] }, "sha512-PEIGCY5tSlUt50cqyMXfCzX+oOPqN0vuGqWzbcJ2xvnkzkq46oOpz7dQaTDBdfICb4N14+GARUDw2XV2N4tvzg=="],

    "zod": ["zod@4.1.12", "", {}, "sha512-JInaHOamG8pt5+Ey8kGmdcAcg3OL9reK8ltczgHTAwNhMys/6ThXHityHxVV2p3fkw/c+MAvBHFVYHFZDmjMCQ=="],

    "@scure/bip32/@noble/curves": ["@noble/curves@1.9.1", "", { "dependencies": { "@noble/hashes": "1.8.0" } }, "sha512-k11yZxZg+t+gWvBbIswW0yoJlu8cHOC7dhunwOzoWH/mXGBiYyR4YY6hAEK/3EUs4UpB8la1RfdRpeGsFHkWsA=="],

    "@scure/bip32/@noble/hashes": ["@noble/hashes@1.8.0", "", {}, "sha512-jCs9ldd7NwzpgXDIf6P3+NrHh9/sD6CQdxHyjQI+h/6rDNo88ypBxxz45UDuZHz9r3tNz7N/VInSVoVdtXEI4A=="],

    "@scure/bip32/@scure/base": ["@scure/base@1.2.6", "", {}, "sha512-g/nm5FgUa//MCj1gV09zTJTaM6KBAHqLN907YVQqf7zC49+DcO4B1so4ZX07Ef10Twr6nuqYEH9GEggFXA4Fmg=="],

    "@scure/bip39/@noble/hashes": ["@noble/hashes@1.8.0", "", {}, "sha512-jCs9ldd7NwzpgXDIf6P3+NrHh9/sD6CQdxHyjQI+h/6rDNo88ypBxxz45UDuZHz9r3tNz7N/VInSVoVdtXEI4A=="],

    "@scure/bip39/@scure/base": ["@scure/base@1.2.6", "", {}, "sha512-g/nm5FgUa//MCj1gV09zTJTaM6KBAHqLN907YVQqf7zC49+DcO4B1so4ZX07Ef10Twr6nuqYEH9GEggFXA4Fmg=="],

    "@solana/rpc-transport-http/undici-types": ["undici-types@7.19.0", "", {}, "sha512-Rjk2OWDZf2eiXVQjY2HyE3XPjqW/wXnSZq0QkOsPKZEnaetNNBObTp91LYfGdB8hRbRZk4HFcM/cONw452B0AQ=="],

    "ox/@noble/ciphers": ["@noble/ciphers@1.3.0", "", {}, "sha512-2I0gnIVPtfnMw9ee9h1dJG7tp81+8Ob3OJb3Mv37rx5L40/b0i7djjCVvGOVqc9AEIQyvyu1i6ypKdFw8R8gQw=="],

    "ox/@noble/curves": ["@noble/curves@1.9.1", "", { "dependencies": { "@noble/hashes": "1.8.0" } }, "sha512-k11yZxZg+t+gWvBbIswW0yoJlu8cHOC7dhunwOzoWH/mXGBiYyR4YY6hAEK/3EUs4UpB8la1RfdRpeGsFHkWsA=="],

    "ox/@noble/hashes": ["@noble/hashes@1.8.0", "", {}, "sha512-jCs9ldd7NwzpgXDIf6P3+NrHh9/sD6CQdxHyjQI+h/6rDNo88ypBxxz45UDuZHz9r3tNz7N/VInSVoVdtXEI4A=="],

    "viem/@noble/curves": ["@noble/curves@1.9.1", "", { "dependencies": { "@noble/hashes": "1.8.0" } }, "sha512-k11yZxZg+t+gWvBbIswW0yoJlu8cHOC7dhunwOzoWH/mXGBiYyR4YY6hAEK/3EUs4UpB8la1RfdRpeGsFHkWsA=="],

    "viem/@noble/hashes": ["@noble/hashes@1.8.0", "", {}, "sha512-jCs9ldd7NwzpgXDIf6P3+NrHh9/sD6CQdxHyjQI+h/6rDNo88ypBxxz45UDuZHz9r3tNz7N/VInSVoVdtXEI4A=="],
  }
}
